{
  "name": "dp-admin-common-ui",
  "version": "0.0.2",
  "lockfileVersion": 1,
  "requires": true,
  "dependencies": {
    "dp-common-ui": {
      "version": "1.0.14",
      "resolved": "https://registry.npmjs.org/dp-common-ui/-/dp-common-ui-1.0.14.tgz",
      "integrity": "sha512-fLed5/v5yBrXwNW4Yp1gftR2wKO5+qQKew+DFGlAGwOTPfHICcEtWmpC0JylVkKL0cG/mYAlXhHMi1WBb/q3mA==",
      "requires": {
        "git-cz": "^1.8.0"
      },
      "dependencies": {
        "git-cz": {
          "version": "1.8.0",
          "resolved": "https://registry.npmjs.org/git-cz/-/git-cz-1.8.0.tgz",
          "integrity": "sha512-DaQaTZhcFnTvEO1sPniGaEooKjOiwanzkYfbKgJhwZeeFjEfF5OfSSYiBhIVVxzsOYFdCekxZEqtA6FlMpSOiw=="
        }
      }
    },
    "git-cz": {
      "version": "1.7.0",
      "resolved": "https://registry.npmjs.org/git-cz/-/git-cz-1.7.0.tgz",
      "integrity": "sha512-sXo2ioRmtyeWgK+Mf1ZvitDAzDyg31ez9mfOlfTV20e6w57XIkc8f0Opb9tOcYN/nJ/I+YN2hxhHgeFPukIgNg==",
      "dev": true
    }
  }
}
